
Microsoft Visual Studio Solution File, Format Version 12.00
# Visual Studio 15
VisualStudioVersion = 15.0.27428.2037
MinimumVisualStudioVersion = 10.0.40219.1
Project("{FAE04EC0-301F-11D3-BF4B-00C04F79EFBC}") = "ISM6225_Assignment4", "ISM6225_Assignment4\ISM6225_Assignment4.csproj", "{94DB478E-F07E-4EBC-8DAE-7CAE9CE08E89}"
EndProject
Global
	GlobalSection(SolutionConfigurationPlatforms) = preSolution
		Debug|Any CPU = Debug|Any CPU
		Release|Any CPU = Release|Any CPU
	EndGlobalSection
	GlobalSection(ProjectConfigurationPlatforms) = postSolution
		{94DB478E-F07E-4EBC-8DAE-7CAE9CE08E89}.Debug|Any CPU.ActiveCfg = Debug|Any CPU
		{94DB478E-F07E-4EBC-8DAE-7CAE9CE08E89}.Debug|Any CPU.Build.0 = Debug|Any CPU
		{94DB478E-F07E-4EBC-8DAE-7CAE9CE08E89}.Release|Any CPU.ActiveCfg = Release|Any CPU
		{94DB478E-F07E-4EBC-8DAE-7CAE9CE08E89}.Release|Any CPU.Build.0 = Release|Any CPU
	EndGlobalSection
	GlobalSection(SolutionProperties) = preSolution
		HideSolutionNode = FALSE
	EndGlobalSection
	GlobalSection(ExtensibilityGlobals) = postSolution
		SolutionGuid = {CDCF9EDE-057F-42AC-98FB-01FCABCECF23}
	EndGlobalSection
EndGlobal
